{
  "name": "yna-spec",
  "version": "1.0.0",
  "lockfileVersion": 1,
  "requires": true,
  "dependencies": {
    "argparse": {
      "version": "1.0.10",
      "resolved": "https://caminc.jfrog.io/caminc/api/npm/default/argparse/-/argparse-1.0.10.tgz",
      "integrity": "sha1-vNZ5HqWuCXJeF+WtmIE0zUCz2RE=",
      "dev": true,
      "requires": {
        "sprintf-js": "~1.0.2"
      }
    },
    "async": {
      "version": "2.6.3",
      "resolved": "https://caminc.jfrog.io/caminc/api/npm/default/async/-/async-2.6.3.tgz",
      "integrity": "sha1-1yYl4jRKNlbjo61Pp0n6gymdgv8=",
      "dev": true,
      "requires": {
        "lodash": "^4.17.14"
      }
    },
    "co": {
      "version": "4.6.0",
      "resolved": "https://caminc.jfrog.io/caminc/api/npm/default/co/-/co-4.6.0.tgz",
      "integrity": "sha1-bqa989hTrlTMuOR7+gvz+QMfsYQ=",
      "dev": true
    },
    "commander": {
      "version": "2.20.3",
      "resolved": "https://caminc.jfrog.io/caminc/api/npm/default/commander/-/commander-2.20.3.tgz",
      "integrity": "sha1-/UhehMA+tIgcIHIrpIA16FMa6zM=",
      "dev": true
    },
    "esprima": {
      "version": "4.0.1",
      "resolved": "https://caminc.jfrog.io/caminc/api/npm/default/esprima/-/esprima-4.0.1.tgz",
      "integrity": "sha1-E7BM2z5sXRnfkatph6hpVhmwqnE=",
      "dev": true
    },
    "fmtconv": {
      "version": "1.0.7",
      "resolved": "https://caminc.jfrog.io/caminc/api/npm/default/fmtconv/-/fmtconv-1.0.7.tgz",
      "integrity": "sha1-GVv9UB/R3JyZcKAR2zTac99w9pw=",
      "dev": true,
      "requires": {
        "commander": "^2.17.1",
        "js-yaml": "^3.12.0"
      }
    },
    "js-yaml": {
      "version": "3.14.1",
      "resolved": "https://caminc.jfrog.io/caminc/api/npm/default/js-yaml/-/js-yaml-3.14.1.tgz",
      "integrity": "sha1-2ugS/bOCX6MGYJqHFzg8UMNqBTc=",
      "dev": true,
      "requires": {
        "argparse": "^1.0.7",
        "esprima": "^4.0.0"
      }
    },
    "lodash": {
      "version": "4.17.21",
      "resolved": "https://caminc.jfrog.io/caminc/api/npm/default/lodash/-/lodash-4.17.21.tgz",
      "integrity": "sha1-Z5WRxWTDv/quhFTPCz3zcMPWkRw=",
      "dev": true
    },
    "sprintf-js": {
      "version": "1.0.3",
      "resolved": "https://caminc.jfrog.io/caminc/api/npm/default/sprintf-js/-/sprintf-js-1.0.3.tgz",
      "integrity": "sha1-BOaSb2YolTVPPdAVIDYzuFcpfiw=",
      "dev": true
    },
    "swagger-merger": {
      "version": "1.4.3",
      "resolved": "https://caminc.jfrog.io/caminc/api/npm/default/swagger-merger/-/swagger-merger-1.4.3.tgz",
      "integrity": "sha1-xZa9TZu/H4+U1jqsQoRIavPYRvE=",
      "dev": true,
      "requires": {
        "async": "^2.6.1",
        "co": "^4.6.0",
        "commander": "^2.17.1",
        "fmtconv": "^1.0.6"
      }
    }
  }
}
